
Microsoft Visual Studio Solution File, Format Version 12.00
# Visual Studio Version 17
VisualStudioVersion = 17.2.32616.157
MinimumVisualStudioVersion = 10.0.40219.1
Project("{8BC9CEB8-8B4A-11D0-8D11-00A0C91BC942}") = "Ex01_printf", "Ex01_printf\Ex01_printf.vcxproj", "{E327A19E-0A26-447F-B954-38587A0C2ECD}"
EndProject
Global
	GlobalSection(SolutionConfigurationPlatforms) = preSolution
		Debug|x64 = Debug|x64
		Debug|x86 = Debug|x86
		Release|x64 = Release|x64
		Release|x86 = Release|x86
	EndGlobalSection
	GlobalSection(ProjectConfigurationPlatforms) = postSolution
		{E327A19E-0A26-447F-B954-38587A0C2ECD}.Debug|x64.ActiveCfg = Debug|x64
		{E327A19E-0A26-447F-B954-38587A0C2ECD}.Debug|x64.Build.0 = Debug|x64
		{E327A19E-0A26-447F-B954-38587A0C2ECD}.Debug|x86.ActiveCfg = Debug|Win32
		{E327A19E-0A26-447F-B954-38587A0C2ECD}.Debug|x86.Build.0 = Debug|Win32
		{E327A19E-0A26-447F-B954-38587A0C2ECD}.Release|x64.ActiveCfg = Release|x64
		{E327A19E-0A26-447F-B954-38587A0C2ECD}.Release|x64.Build.0 = Release|x64
		{E327A19E-0A26-447F-B954-38587A0C2ECD}.Release|x86.ActiveCfg = Release|Win32
		{E327A19E-0A26-447F-B954-38587A0C2ECD}.Release|x86.Build.0 = Release|Win32
	EndGlobalSection
	GlobalSection(SolutionProperties) = preSolution
		HideSolutionNode = FALSE
	EndGlobalSection
	GlobalSection(ExtensibilityGlobals) = postSolution
		SolutionGuid = {D39E7A50-27A1-4AFF-9585-270F8D36F34F}
	EndGlobalSection
EndGlobal
